
Microsoft Visual Studio Solution File, Format Version 12.00
# Visual Studio Version 16
Project("{2150E333-8FDC-42A3-9474-1A3956D46DE8}") = "CMakePredefinedTargets", "CMakePredefinedTargets", "{7B44AFFB-2657-399F-B778-857621D192EC}"
EndProject
Project("{2150E333-8FDC-42A3-9474-1A3956D46DE8}") = "libs", "libs", "{A0F94194-BE85-32D3-B489-3AB85F67AA83}"
EndProject
Project("{8BC9CEB8-8B4A-11D0-8D11-00A0C91BC942}") = "ALL_BUILD", "ALL_BUILD.vcxproj", "{41CF1812-0849-33BF-8901-32704F4CF783}"
	ProjectSection(ProjectDependencies) = postProject
		{0F7978F2-EC68-3D2B-B02D-22482BF091B3} = {0F7978F2-EC68-3D2B-B02D-22482BF091B3}
		{FACDC678-BE1F-35E4-B4D1-E99335569542} = {FACDC678-BE1F-35E4-B4D1-E99335569542}
		{CA1DF8C7-8AF3-31E3-B152-386A92B9C9AB} = {CA1DF8C7-8AF3-31E3-B152-386A92B9C9AB}
		{64100F98-484D-37FD-8D32-DD5DC3FBE193} = {64100F98-484D-37FD-8D32-DD5DC3FBE193}
		{3EF771A8-FAF8-389E-B459-4DE0571D015B} = {3EF771A8-FAF8-389E-B459-4DE0571D015B}
	EndProjectSection
EndProject
Project("{8BC9CEB8-8B4A-11D0-8D11-00A0C91BC942}") = "INSTALL", "INSTALL.vcxproj", "{ADDB7B4E-C2CF-3A27-A6BA-D08AE2420EB6}"
	ProjectSection(ProjectDependencies) = postProject
		{41CF1812-0849-33BF-8901-32704F4CF783} = {41CF1812-0849-33BF-8901-32704F4CF783}
		{CA1DF8C7-8AF3-31E3-B152-386A92B9C9AB} = {CA1DF8C7-8AF3-31E3-B152-386A92B9C9AB}
	EndProjectSection
EndProject
Project("{8BC9CEB8-8B4A-11D0-8D11-00A0C91BC942}") = "MyProject", "MyProject.vcxproj", "{0F7978F2-EC68-3D2B-B02D-22482BF091B3}"
	ProjectSection(ProjectDependencies) = postProject
		{FACDC678-BE1F-35E4-B4D1-E99335569542} = {FACDC678-BE1F-35E4-B4D1-E99335569542}
		{CA1DF8C7-8AF3-31E3-B152-386A92B9C9AB} = {CA1DF8C7-8AF3-31E3-B152-386A92B9C9AB}
	EndProjectSection
EndProject
Project("{8BC9CEB8-8B4A-11D0-8D11-00A0C91BC942}") = "OpenXLSX", "OpenXLSX\OpenXLSX\OpenXLSX.vcxproj", "{FACDC678-BE1F-35E4-B4D1-E99335569542}"
	ProjectSection(ProjectDependencies) = postProject
		{CA1DF8C7-8AF3-31E3-B152-386A92B9C9AB} = {CA1DF8C7-8AF3-31E3-B152-386A92B9C9AB}
	EndProjectSection
EndProject
Project("{8BC9CEB8-8B4A-11D0-8D11-00A0C91BC942}") = "OpenXLSXBenchmark", "OpenXLSX\Benchmarks\OpenXLSXBenchmark.vcxproj", "{5E0665C5-F2E8-3897-8478-916868F67A07}"
	ProjectSection(ProjectDependencies) = postProject
		{FACDC678-BE1F-35E4-B4D1-E99335569542} = {FACDC678-BE1F-35E4-B4D1-E99335569542}
		{CA1DF8C7-8AF3-31E3-B152-386A92B9C9AB} = {CA1DF8C7-8AF3-31E3-B152-386A92B9C9AB}
		{64100F98-484D-37FD-8D32-DD5DC3FBE193} = {64100F98-484D-37FD-8D32-DD5DC3FBE193}
		{3EF771A8-FAF8-389E-B459-4DE0571D015B} = {3EF771A8-FAF8-389E-B459-4DE0571D015B}
	EndProjectSection
EndProject
Project("{8BC9CEB8-8B4A-11D0-8D11-00A0C91BC942}") = "OpenXLSXTests", "OpenXLSX\Tests\OpenXLSXTests.vcxproj", "{8C9F8211-9CBF-3824-A7D5-E9FA21DB5AB6}"
	ProjectSection(ProjectDependencies) = postProject
		{FACDC678-BE1F-35E4-B4D1-E99335569542} = {FACDC678-BE1F-35E4-B4D1-E99335569542}
		{CA1DF8C7-8AF3-31E3-B152-386A92B9C9AB} = {CA1DF8C7-8AF3-31E3-B152-386A92B9C9AB}
	EndProjectSection
EndProject
Project("{8BC9CEB8-8B4A-11D0-8D11-00A0C91BC942}") = "ZERO_CHECK", "ZERO_CHECK.vcxproj", "{CA1DF8C7-8AF3-31E3-B152-386A92B9C9AB}"
	ProjectSection(ProjectDependencies) = postProject
	EndProjectSection
EndProject
Project("{8BC9CEB8-8B4A-11D0-8D11-00A0C91BC942}") = "benchmark", "OpenXLSX\Benchmarks\gbench\src\benchmark.vcxproj", "{64100F98-484D-37FD-8D32-DD5DC3FBE193}"
	ProjectSection(ProjectDependencies) = postProject
		{CA1DF8C7-8AF3-31E3-B152-386A92B9C9AB} = {CA1DF8C7-8AF3-31E3-B152-386A92B9C9AB}
	EndProjectSection
EndProject
Project("{8BC9CEB8-8B4A-11D0-8D11-00A0C91BC942}") = "benchmark_main", "OpenXLSX\Benchmarks\gbench\src\benchmark_main.vcxproj", "{3EF771A8-FAF8-389E-B459-4DE0571D015B}"
	ProjectSection(ProjectDependencies) = postProject
		{CA1DF8C7-8AF3-31E3-B152-386A92B9C9AB} = {CA1DF8C7-8AF3-31E3-B152-386A92B9C9AB}
		{64100F98-484D-37FD-8D32-DD5DC3FBE193} = {64100F98-484D-37FD-8D32-DD5DC3FBE193}
	EndProjectSection
EndProject
Global
	GlobalSection(SolutionConfigurationPlatforms) = preSolution
		Debug|x64 = Debug|x64
		Release|x64 = Release|x64
		MinSizeRel|x64 = MinSizeRel|x64
		RelWithDebInfo|x64 = RelWithDebInfo|x64
	EndGlobalSection
	GlobalSection(ProjectConfigurationPlatforms) = postSolution
		{41CF1812-0849-33BF-8901-32704F4CF783}.Debug|x64.ActiveCfg = Debug|x64
		{41CF1812-0849-33BF-8901-32704F4CF783}.Debug|x64.Build.0 = Debug|x64
		{41CF1812-0849-33BF-8901-32704F4CF783}.Release|x64.ActiveCfg = Release|x64
		{41CF1812-0849-33BF-8901-32704F4CF783}.Release|x64.Build.0 = Release|x64
		{41CF1812-0849-33BF-8901-32704F4CF783}.MinSizeRel|x64.ActiveCfg = MinSizeRel|x64
		{41CF1812-0849-33BF-8901-32704F4CF783}.MinSizeRel|x64.Build.0 = MinSizeRel|x64
		{41CF1812-0849-33BF-8901-32704F4CF783}.RelWithDebInfo|x64.ActiveCfg = RelWithDebInfo|x64
		{41CF1812-0849-33BF-8901-32704F4CF783}.RelWithDebInfo|x64.Build.0 = RelWithDebInfo|x64
		{ADDB7B4E-C2CF-3A27-A6BA-D08AE2420EB6}.Debug|x64.ActiveCfg = Debug|x64
		{ADDB7B4E-C2CF-3A27-A6BA-D08AE2420EB6}.Release|x64.ActiveCfg = Release|x64
		{ADDB7B4E-C2CF-3A27-A6BA-D08AE2420EB6}.MinSizeRel|x64.ActiveCfg = MinSizeRel|x64
		{ADDB7B4E-C2CF-3A27-A6BA-D08AE2420EB6}.RelWithDebInfo|x64.ActiveCfg = RelWithDebInfo|x64
		{0F7978F2-EC68-3D2B-B02D-22482BF091B3}.Debug|x64.ActiveCfg = Debug|x64
		{0F7978F2-EC68-3D2B-B02D-22482BF091B3}.Debug|x64.Build.0 = Debug|x64
		{0F7978F2-EC68-3D2B-B02D-22482BF091B3}.Release|x64.ActiveCfg = Release|x64
		{0F7978F2-EC68-3D2B-B02D-22482BF091B3}.Release|x64.Build.0 = Release|x64
		{0F7978F2-EC68-3D2B-B02D-22482BF091B3}.MinSizeRel|x64.ActiveCfg = MinSizeRel|x64
		{0F7978F2-EC68-3D2B-B02D-22482BF091B3}.MinSizeRel|x64.Build.0 = MinSizeRel|x64
		{0F7978F2-EC68-3D2B-B02D-22482BF091B3}.RelWithDebInfo|x64.ActiveCfg = RelWithDebInfo|x64
		{0F7978F2-EC68-3D2B-B02D-22482BF091B3}.RelWithDebInfo|x64.Build.0 = RelWithDebInfo|x64
		{FACDC678-BE1F-35E4-B4D1-E99335569542}.Debug|x64.ActiveCfg = Debug|x64
		{FACDC678-BE1F-35E4-B4D1-E99335569542}.Debug|x64.Build.0 = Debug|x64
		{FACDC678-BE1F-35E4-B4D1-E99335569542}.Release|x64.ActiveCfg = Release|x64
		{FACDC678-BE1F-35E4-B4D1-E99335569542}.Release|x64.Build.0 = Release|x64
		{FACDC678-BE1F-35E4-B4D1-E99335569542}.MinSizeRel|x64.ActiveCfg = MinSizeRel|x64
		{FACDC678-BE1F-35E4-B4D1-E99335569542}.MinSizeRel|x64.Build.0 = MinSizeRel|x64
		{FACDC678-BE1F-35E4-B4D1-E99335569542}.RelWithDebInfo|x64.ActiveCfg = RelWithDebInfo|x64
		{FACDC678-BE1F-35E4-B4D1-E99335569542}.RelWithDebInfo|x64.Build.0 = RelWithDebInfo|x64
		{5E0665C5-F2E8-3897-8478-916868F67A07}.Debug|x64.ActiveCfg = Debug|x64
		{5E0665C5-F2E8-3897-8478-916868F67A07}.Debug|x64.Build.0 = Debug|x64
		{5E0665C5-F2E8-3897-8478-916868F67A07}.Release|x64.ActiveCfg = Release|x64
		{5E0665C5-F2E8-3897-8478-916868F67A07}.Release|x64.Build.0 = Release|x64
		{5E0665C5-F2E8-3897-8478-916868F67A07}.MinSizeRel|x64.ActiveCfg = MinSizeRel|x64
		{5E0665C5-F2E8-3897-8478-916868F67A07}.MinSizeRel|x64.Build.0 = MinSizeRel|x64
		{5E0665C5-F2E8-3897-8478-916868F67A07}.RelWithDebInfo|x64.ActiveCfg = RelWithDebInfo|x64
		{5E0665C5-F2E8-3897-8478-916868F67A07}.RelWithDebInfo|x64.Build.0 = RelWithDebInfo|x64
		{8C9F8211-9CBF-3824-A7D5-E9FA21DB5AB6}.Debug|x64.ActiveCfg = Debug|x64
		{8C9F8211-9CBF-3824-A7D5-E9FA21DB5AB6}.Debug|x64.Build.0 = Debug|x64
		{8C9F8211-9CBF-3824-A7D5-E9FA21DB5AB6}.Release|x64.ActiveCfg = Release|x64
		{8C9F8211-9CBF-3824-A7D5-E9FA21DB5AB6}.Release|x64.Build.0 = Release|x64
		{8C9F8211-9CBF-3824-A7D5-E9FA21DB5AB6}.MinSizeRel|x64.ActiveCfg = MinSizeRel|x64
		{8C9F8211-9CBF-3824-A7D5-E9FA21DB5AB6}.MinSizeRel|x64.Build.0 = MinSizeRel|x64
		{8C9F8211-9CBF-3824-A7D5-E9FA21DB5AB6}.RelWithDebInfo|x64.ActiveCfg = RelWithDebInfo|x64
		{8C9F8211-9CBF-3824-A7D5-E9FA21DB5AB6}.RelWithDebInfo|x64.Build.0 = RelWithDebInfo|x64
		{CA1DF8C7-8AF3-31E3-B152-386A92B9C9AB}.Debug|x64.ActiveCfg = Debug|x64
		{CA1DF8C7-8AF3-31E3-B152-386A92B9C9AB}.Debug|x64.Build.0 = Debug|x64
		{CA1DF8C7-8AF3-31E3-B152-386A92B9C9AB}.Release|x64.ActiveCfg = Release|x64
		{CA1DF8C7-8AF3-31E3-B152-386A92B9C9AB}.Release|x64.Build.0 = Release|x64
		{CA1DF8C7-8AF3-31E3-B152-386A92B9C9AB}.MinSizeRel|x64.ActiveCfg = MinSizeRel|x64
		{CA1DF8C7-8AF3-31E3-B152-386A92B9C9AB}.MinSizeRel|x64.Build.0 = MinSizeRel|x64
		{CA1DF8C7-8AF3-31E3-B152-386A92B9C9AB}.RelWithDebInfo|x64.ActiveCfg = RelWithDebInfo|x64
		{CA1DF8C7-8AF3-31E3-B152-386A92B9C9AB}.RelWithDebInfo|x64.Build.0 = RelWithDebInfo|x64
		{64100F98-484D-37FD-8D32-DD5DC3FBE193}.Debug|x64.ActiveCfg = Debug|x64
		{64100F98-484D-37FD-8D32-DD5DC3FBE193}.Debug|x64.Build.0 = Debug|x64
		{64100F98-484D-37FD-8D32-DD5DC3FBE193}.Release|x64.ActiveCfg = Release|x64
		{64100F98-484D-37FD-8D32-DD5DC3FBE193}.Release|x64.Build.0 = Release|x64
		{64100F98-484D-37FD-8D32-DD5DC3FBE193}.MinSizeRel|x64.ActiveCfg = MinSizeRel|x64
		{64100F98-484D-37FD-8D32-DD5DC3FBE193}.MinSizeRel|x64.Build.0 = MinSizeRel|x64
		{64100F98-484D-37FD-8D32-DD5DC3FBE193}.RelWithDebInfo|x64.ActiveCfg = RelWithDebInfo|x64
		{64100F98-484D-37FD-8D32-DD5DC3FBE193}.RelWithDebInfo|x64.Build.0 = RelWithDebInfo|x64
		{3EF771A8-FAF8-389E-B459-4DE0571D015B}.Debug|x64.ActiveCfg = Debug|x64
		{3EF771A8-FAF8-389E-B459-4DE0571D015B}.Debug|x64.Build.0 = Debug|x64
		{3EF771A8-FAF8-389E-B459-4DE0571D015B}.Release|x64.ActiveCfg = Release|x64
		{3EF771A8-FAF8-389E-B459-4DE0571D015B}.Release|x64.Build.0 = Release|x64
		{3EF771A8-FAF8-389E-B459-4DE0571D015B}.MinSizeRel|x64.ActiveCfg = MinSizeRel|x64
		{3EF771A8-FAF8-389E-B459-4DE0571D015B}.MinSizeRel|x64.Build.0 = MinSizeRel|x64
		{3EF771A8-FAF8-389E-B459-4DE0571D015B}.RelWithDebInfo|x64.ActiveCfg = RelWithDebInfo|x64
		{3EF771A8-FAF8-389E-B459-4DE0571D015B}.RelWithDebInfo|x64.Build.0 = RelWithDebInfo|x64
	EndGlobalSection
	GlobalSection(NestedProjects) = preSolution
		{41CF1812-0849-33BF-8901-32704F4CF783} = {7B44AFFB-2657-399F-B778-857621D192EC}
		{ADDB7B4E-C2CF-3A27-A6BA-D08AE2420EB6} = {7B44AFFB-2657-399F-B778-857621D192EC}
		{CA1DF8C7-8AF3-31E3-B152-386A92B9C9AB} = {7B44AFFB-2657-399F-B778-857621D192EC}
		{FACDC678-BE1F-35E4-B4D1-E99335569542} = {A0F94194-BE85-32D3-B489-3AB85F67AA83}
	EndGlobalSection
	GlobalSection(ExtensibilityGlobals) = postSolution
		SolutionGuid = {B612E8E3-3C65-3D98-9EED-09212052946A}
	EndGlobalSection
	GlobalSection(ExtensibilityAddIns) = postSolution
	EndGlobalSection
EndGlobal
