<?xml version="1.0" encoding="utf-8"?>
<Project ToolsVersion="16.0" xmlns="http://schemas.microsoft.com/developer/msbuild/2003">
  <ItemGroup>
    <CustomBuild Include="C:\Dev\Cpp\MyProject\CMakeFiles\c9809dc1134d6e80853d4250d596b0ca\INSTALL_force.rule">
      <Filter>CMake Rules</Filter>
    </CustomBuild>
  </ItemGroup>
  <ItemGroup>
    <Filter Include="CMake Rules">
      <UniqueIdentifier>{00C30C5B-51A6-36C9-9172-231E09250537}</UniqueIdentifier>
    </Filter>
  </ItemGroup>
</Project>
